
Microsoft Visual Studio Solution File, Format Version 12.00
# Visual Studio Version 16
VisualStudioVersion = 16.0.29613.14
MinimumVisualStudioVersion = 10.0.40219.1
Project("{9A19103F-16F7-4668-BE54-9A1E7A4F7556}") = "KeyboardLedDriver.Common", "KeyboardLedDriver.Common\KeyboardLedDriver.Common.csproj", "{AC6B99B4-99F1-43E1-968E-8580274B9D1D}"
EndProject
Project("{9A19103F-16F7-4668-BE54-9A1E7A4F7556}") = "KeyboardLedDriver.Logitech", "KeyboardLedDriver.Logitech\KeyboardLedDriver.Logitech.csproj", "{862BEA9D-F47F-4390-994D-DA2C08D2113D}"
EndProject
Project("{9A19103F-16F7-4668-BE54-9A1E7A4F7556}") = "KeyboardLedDriver.App", "artokai.KeyboardLedDriver.App\KeyboardLedDriver.App.csproj", "{C7621369-054E-4FA6-A83B-61407480C2D1}"
EndProject
Project("{9A19103F-16F7-4668-BE54-9A1E7A4F7556}") = "KeyboardLedDriver.Tests", "KeyboardLedDriver.Corsair.Tests\KeyboardLedDriver.Tests.csproj", "{DDD2B2A2-0982-4E19-8569-2B4294ABB461}"
EndProject
Project("{9A19103F-16F7-4668-BE54-9A1E7A4F7556}") = "KeyboardLedDriver.Spectral", "KeyboardLedDriver.Spectral\KeyboardLedDriver.Spectral.csproj", "{28AF146A-93D7-4254-AF91-FE91DAA33A99}"
EndProject
Project("{9A19103F-16F7-4668-BE54-9A1E7A4F7556}") = "KeyboardLedDriver.Corsair", "KeyboardLedDriver.Corsair\KeyboardLedDriver.Corsair.csproj", "{C23E4E71-B456-4CA5-B919-20E3E11C76BD}"
EndProject
Project("{9A19103F-16F7-4668-BE54-9A1E7A4F7556}") = "KeyboardLedDriver.StatusProviders", "KeyboardLedDriver.StatusProviders\KeyboardLedDriver.StatusProviders.csproj", "{906EB946-31BF-4C8E-AE0A-4C58D654FF52}"
EndProject
Global
	GlobalSection(SolutionConfigurationPlatforms) = preSolution
		Corsair.Debug|Any CPU = Corsair.Debug|Any CPU
		Debug|Any CPU = Debug|Any CPU
		Release|Any CPU = Release|Any CPU
	EndGlobalSection
	GlobalSection(ProjectConfigurationPlatforms) = postSolution
		{AC6B99B4-99F1-43E1-968E-8580274B9D1D}.Corsair.Debug|Any CPU.ActiveCfg = Corsair.Debug|Any CPU
		{AC6B99B4-99F1-43E1-968E-8580274B9D1D}.Corsair.Debug|Any CPU.Build.0 = Corsair.Debug|Any CPU
		{AC6B99B4-99F1-43E1-968E-8580274B9D1D}.Debug|Any CPU.ActiveCfg = Debug|Any CPU
		{AC6B99B4-99F1-43E1-968E-8580274B9D1D}.Debug|Any CPU.Build.0 = Debug|Any CPU
		{AC6B99B4-99F1-43E1-968E-8580274B9D1D}.Release|Any CPU.ActiveCfg = Release|Any CPU
		{AC6B99B4-99F1-43E1-968E-8580274B9D1D}.Release|Any CPU.Build.0 = Release|Any CPU
		{862BEA9D-F47F-4390-994D-DA2C08D2113D}.Corsair.Debug|Any CPU.ActiveCfg = Corsair.Debug|Any CPU
		{862BEA9D-F47F-4390-994D-DA2C08D2113D}.Debug|Any CPU.ActiveCfg = Debug|Any CPU
		{862BEA9D-F47F-4390-994D-DA2C08D2113D}.Debug|Any CPU.Build.0 = Debug|Any CPU
		{862BEA9D-F47F-4390-994D-DA2C08D2113D}.Release|Any CPU.ActiveCfg = Release|Any CPU
		{862BEA9D-F47F-4390-994D-DA2C08D2113D}.Release|Any CPU.Build.0 = Release|Any CPU
		{C7621369-054E-4FA6-A83B-61407480C2D1}.Corsair.Debug|Any CPU.ActiveCfg = Corsair.Debug|Any CPU
		{C7621369-054E-4FA6-A83B-61407480C2D1}.Corsair.Debug|Any CPU.Build.0 = Corsair.Debug|Any CPU
		{C7621369-054E-4FA6-A83B-61407480C2D1}.Debug|Any CPU.ActiveCfg = Debug|Any CPU
		{C7621369-054E-4FA6-A83B-61407480C2D1}.Debug|Any CPU.Build.0 = Debug|Any CPU
		{C7621369-054E-4FA6-A83B-61407480C2D1}.Release|Any CPU.ActiveCfg = Release|Any CPU
		{C7621369-054E-4FA6-A83B-61407480C2D1}.Release|Any CPU.Build.0 = Release|Any CPU
		{DDD2B2A2-0982-4E19-8569-2B4294ABB461}.Corsair.Debug|Any CPU.ActiveCfg = Debug|Any CPU
		{DDD2B2A2-0982-4E19-8569-2B4294ABB461}.Corsair.Debug|Any CPU.Build.0 = Debug|Any CPU
		{DDD2B2A2-0982-4E19-8569-2B4294ABB461}.Debug|Any CPU.ActiveCfg = Debug|Any CPU
		{DDD2B2A2-0982-4E19-8569-2B4294ABB461}.Debug|Any CPU.Build.0 = Debug|Any CPU
		{DDD2B2A2-0982-4E19-8569-2B4294ABB461}.Release|Any CPU.ActiveCfg = Release|Any CPU
		{DDD2B2A2-0982-4E19-8569-2B4294ABB461}.Release|Any CPU.Build.0 = Release|Any CPU
		{28AF146A-93D7-4254-AF91-FE91DAA33A99}.Corsair.Debug|Any CPU.ActiveCfg = Debug|Any CPU
		{28AF146A-93D7-4254-AF91-FE91DAA33A99}.Corsair.Debug|Any CPU.Build.0 = Debug|Any CPU
		{28AF146A-93D7-4254-AF91-FE91DAA33A99}.Debug|Any CPU.ActiveCfg = Debug|Any CPU
		{28AF146A-93D7-4254-AF91-FE91DAA33A99}.Debug|Any CPU.Build.0 = Debug|Any CPU
		{28AF146A-93D7-4254-AF91-FE91DAA33A99}.Release|Any CPU.ActiveCfg = Release|Any CPU
		{28AF146A-93D7-4254-AF91-FE91DAA33A99}.Release|Any CPU.Build.0 = Release|Any CPU
		{C23E4E71-B456-4CA5-B919-20E3E11C76BD}.Corsair.Debug|Any CPU.ActiveCfg = Corsair.Debug|Any CPU
		{C23E4E71-B456-4CA5-B919-20E3E11C76BD}.Corsair.Debug|Any CPU.Build.0 = Corsair.Debug|Any CPU
		{C23E4E71-B456-4CA5-B919-20E3E11C76BD}.Debug|Any CPU.ActiveCfg = Debug|Any CPU
		{C23E4E71-B456-4CA5-B919-20E3E11C76BD}.Debug|Any CPU.Build.0 = Debug|Any CPU
		{C23E4E71-B456-4CA5-B919-20E3E11C76BD}.Release|Any CPU.ActiveCfg = Release|Any CPU
		{C23E4E71-B456-4CA5-B919-20E3E11C76BD}.Release|Any CPU.Build.0 = Release|Any CPU
		{906EB946-31BF-4C8E-AE0A-4C58D654FF52}.Corsair.Debug|Any CPU.ActiveCfg = Debug|Any CPU
		{906EB946-31BF-4C8E-AE0A-4C58D654FF52}.Corsair.Debug|Any CPU.Build.0 = Debug|Any CPU
		{906EB946-31BF-4C8E-AE0A-4C58D654FF52}.Debug|Any CPU.ActiveCfg = Debug|Any CPU
		{906EB946-31BF-4C8E-AE0A-4C58D654FF52}.Debug|Any CPU.Build.0 = Debug|Any CPU
		{906EB946-31BF-4C8E-AE0A-4C58D654FF52}.Release|Any CPU.ActiveCfg = Release|Any CPU
		{906EB946-31BF-4C8E-AE0A-4C58D654FF52}.Release|Any CPU.Build.0 = Release|Any CPU
	EndGlobalSection
	GlobalSection(SolutionProperties) = preSolution
		HideSolutionNode = FALSE
	EndGlobalSection
	GlobalSection(ExtensibilityGlobals) = postSolution
		SolutionGuid = {1B631B5B-4803-4819-B759-C97EE43F60B5}
	EndGlobalSection
EndGlobal
